{
    "_readme": [
        "This file locks the dependencies of your project to a known state",
        "Read more about it at https://getcomposer.org/doc/01-basic-usage.md#installing-dependencies",
        "This file is @generated automatically"
    ],
    "content-hash": "20ee6162205b7ecd862d8e087699496a",
    "packages": [
        {
            "name": "darkaonline/ripcord",
            "version": "v0.1.8",
            "source": {
                "type": "git",
                "url": "https://github.com/DarkaOnLine/Ripcord.git",
                "reference": "9cfed0e7015663c9739d4eb927952f040c8e8280"
            },
            "dist": {
                "type": "zip",
                "url": "https://api.github.com/repos/DarkaOnLine/Ripcord/zipball/9cfed0e7015663c9739d4eb927952f040c8e8280",
                "reference": "9cfed0e7015663c9739d4eb927952f040c8e8280",
                "shasum": ""
            },
            "require": {
                "php": ">=5.4"
            },
            "require-dev": {
                "friendsofphp/php-cs-fixer": "^2.14@dev"
            },
            "type": "library",
            "autoload": {
                "psr-4": {
                    "Ripcord\\": "src/Ripcord"
                }
            },
            "notification-url": "https://packagist.org/downloads/",
            "license": [
                "MIT"
            ],
            "authors": [
                {
                    "name": "Darius Matulionis",
                    "email": "darius@matulionis.lt"
                }
            ],
            "description": "RPC client and server around PHP's xmlrpc library",
            "keywords": [
                "rpc",
                "xml",
                "xmlrpc"
            ],
            "support": {
                "issues": "https://github.com/DarkaOnLine/Ripcord/issues",
                "source": "https://github.com/DarkaOnLine/Ripcord/tree/v0.1.8"
            },
            "funding": [
                {
                    "url": "https://github.com/DarkaOnLine",
                    "type": "github"
                }
            ],
            "time": "2021-03-25T06:28:19+00:00"
        },
        {
            "name": "phpxmlrpc/phpxmlrpc",
            "version": "4.11.1",
            "source": {
                "type": "git",
                "url": "https://github.com/gggeek/phpxmlrpc.git",
                "reference": "06b9d7275d637f6859527091a54a5edfe8a16749"
            },
            "dist": {
                "type": "zip",
                "url": "https://api.github.com/repos/gggeek/phpxmlrpc/zipball/06b9d7275d637f6859527091a54a5edfe8a16749",
                "reference": "06b9d7275d637f6859527091a54a5edfe8a16749",
                "shasum": ""
            },
            "require": {
                "ext-xml": "*",
                "php": "^5.4.0 || ^7.0 || ^8.0"
            },
            "conflict": {
                "phpxmlrpc/extras": "<= 1.0.0-beta2",
                "phpxmlrpc/jsonrpc": "<= 1.0.0-beta1"
            },
            "require-dev": {
                "ext-curl": "*",
                "ext-dom": "*",
                "ext-mbstring": "*",
                "phpunit/phpunit": "^4.8 || ^5.0 || ^8.5.14",
                "phpunit/phpunit-selenium": "*",
                "yoast/phpunit-polyfills": "*"
            },
            "suggest": {
                "ext-curl": "Needed for HTTPS, HTTP2 and HTTP 1.1 support, NTLM Auth etc...",
                "ext-mbstring": "Needed to allow reception of requests/responses in character sets other than ASCII,LATIN-1,UTF-8",
                "ext-zlib": "Needed for sending compressed requests and receiving compressed responses, if cURL is not available",
                "phpxmlrpc/extras": "Adds more featured Server classes, including self-documenting and ajax-enabled servers",
                "phpxmlrpc/jsonrpc": "Adds support for the JSON-RPC protocol"
            },
            "type": "library",
            "autoload": {
                "psr-4": {
                    "PhpXmlRpc\\": "src/"
                }
            },
            "notification-url": "https://packagist.org/downloads/",
            "license": [
                "BSD-3-Clause"
            ],
            "description": "A php library for building xmlrpc clients and servers",
            "homepage": "https://gggeek.github.io/phpxmlrpc/",
            "keywords": [
                "webservices",
                "xml-rpc",
                "xmlrpc"
            ],
            "support": {
                "issues": "https://github.com/gggeek/phpxmlrpc/issues",
                "source": "https://github.com/gggeek/phpxmlrpc/tree/4.11.1"
            },
            "time": "2025-01-17T17:04:37+00:00"
        },
        {
            "name": "phpxmlrpc/polyfill-xmlrpc",
            "version": "1.0.0",
            "source": {
                "type": "git",
                "url": "https://github.com/gggeek/polyfill-xmlrpc.git",
                "reference": "2c79dc261569a70ef9cd047b234a49be23598a3d"
            },
            "dist": {
                "type": "zip",
                "url": "https://api.github.com/repos/gggeek/polyfill-xmlrpc/zipball/2c79dc261569a70ef9cd047b234a49be23598a3d",
                "reference": "2c79dc261569a70ef9cd047b234a49be23598a3d",
                "shasum": ""
            },
            "require": {
                "php": "^5.4.0 || ^7.0 || ^8.0",
                "phpxmlrpc/phpxmlrpc": "^4.10.2"
            },
            "provide": {
                "ext-xmlrpc": "*"
            },
            "require-dev": {
                "ext-curl": "*",
                "phpunit/phpunit": "^4.8 || ^5.0 || ^8.5.12",
                "phpunit/phpunit-selenium": "*",
                "yoast/phpunit-polyfills": "*"
            },
            "suggest": {
                "ext-iconv": "Required when using anything other than utf-8 as target encoding for the decoded xml",
                "ext-xmlrpc": "Recommended for running the test suite. We can not declare it in require-dev because it is missing in php 8"
            },
            "type": "library",
            "autoload": {
                "files": [
                    "bootstrap.php"
                ],
                "psr-4": {
                    "PhpXmlRpc\\Polyfill\\XmlRpc\\": "src/"
                }
            },
            "notification-url": "https://packagist.org/downloads/",
            "license": [
                "BSD-3-Clause"
            ],
            "description": "A pure-php reimplementation of the API exposed by the native XML-RPC extension",
            "keywords": [
                "extension",
                "php",
                "polyfill",
                "webservices",
                "xmlrpc"
            ],
            "support": {
                "issues": "https://github.com/gggeek/polyfill-xmlrpc/issues",
                "source": "https://github.com/gggeek/polyfill-xmlrpc/tree/1.0.0"
            },
            "time": "2024-04-15T11:49:22+00:00"
        }
    ],
    "packages-dev": [
        {
            "name": "kint-php/kint",
            "version": "6.0.1",
            "source": {
                "type": "git",
                "url": "https://github.com/kint-php/kint.git",
                "reference": "2bd133be30a0d4f5523e3d7d8e94b788d95978e6"
            },
            "dist": {
                "type": "zip",
                "url": "https://api.github.com/repos/kint-php/kint/zipball/2bd133be30a0d4f5523e3d7d8e94b788d95978e6",
                "reference": "2bd133be30a0d4f5523e3d7d8e94b788d95978e6",
                "shasum": ""
            },
            "require": {
                "php": ">=7.4"
            },
            "require-dev": {
                "friendsofphp/php-cs-fixer": "^3",
                "phpunit/phpunit": "^9",
                "seld/phar-utils": "^1",
                "symfony/finder": ">=7",
                "vimeo/psalm": "^5"
            },
            "suggest": {
                "kint-php/kint-helpers": "Provides extra helper functions",
                "kint-php/kint-twig": "Provides d() and s() functions in twig templates"
            },
            "type": "library",
            "autoload": {
                "files": [
                    "init.php"
                ],
                "psr-4": {
                    "Kint\\": "src/"
                }
            },
            "notification-url": "https://packagist.org/downloads/",
            "license": [
                "MIT"
            ],
            "authors": [
                {
                    "name": "Jonathan Vollebregt",
                    "homepage": "https://github.com/jnvsor"
                },
                {
                    "name": "Contributors",
                    "homepage": "https://github.com/kint-php/kint/graphs/contributors"
                }
            ],
            "description": "Kint - Advanced PHP dumper",
            "homepage": "https://kint-php.github.io/kint/",
            "keywords": [
                "debug",
                "dump"
            ],
            "support": {
                "issues": "https://github.com/kint-php/kint/issues",
                "source": "https://github.com/kint-php/kint/tree/6.0.1"
            },
            "time": "2025-01-01T23:10:26+00:00"
        }
    ],
    "aliases": [],
    "minimum-stability": "stable",
    "stability-flags": {
        "phpxmlrpc/polyfill-xmlrpc": 5
    },
    "prefer-stable": false,
    "prefer-lowest": false,
    "platform": {
        "php": ">=7.0"
    },
    "platform-dev": {},
    "plugin-api-version": "2.6.0"
}
